
Microsoft Visual Studio Solution File, Format Version 12.00
# Visual Studio Version 16
VisualStudioVersion = 16.0.30503.244
MinimumVisualStudioVersion = 10.0.40219.1
Project("{FAE04EC0-301F-11D3-BF4B-00C04F79EFBC}") = "Sem3.lab03", "Sem3.lab03\Sem3.lab03.csproj", "{EB69FFEC-ABC3-4368-B91F-5D505B5F81BB}"
EndProject
Global
	GlobalSection(SolutionConfigurationPlatforms) = preSolution
		Debug|Any CPU = Debug|Any CPU
		Release|Any CPU = Release|Any CPU
	EndGlobalSection
	GlobalSection(ProjectConfigurationPlatforms) = postSolution
		{EB69FFEC-ABC3-4368-B91F-5D505B5F81BB}.Debug|Any CPU.ActiveCfg = Debug|Any CPU
		{EB69FFEC-ABC3-4368-B91F-5D505B5F81BB}.Debug|Any CPU.Build.0 = Debug|Any CPU
		{EB69FFEC-ABC3-4368-B91F-5D505B5F81BB}.Release|Any CPU.ActiveCfg = Release|Any CPU
		{EB69FFEC-ABC3-4368-B91F-5D505B5F81BB}.Release|Any CPU.Build.0 = Release|Any CPU
	EndGlobalSection
	GlobalSection(SolutionProperties) = preSolution
		HideSolutionNode = FALSE
	EndGlobalSection
	GlobalSection(ExtensibilityGlobals) = postSolution
		SolutionGuid = {22674200-BFBF-4AAF-99EE-40FBF427BF58}
	EndGlobalSection
EndGlobal
